schema: '2.0'
stages:
  data_ingestion:
    cmd: python3 src/data/data_ingestion.py
    deps:
    - path: src/data/data_ingestion.py
      hash: md5
      md5: 485a1edd3e17f6b2cf97cd5b703b2f0c
      size: 3476
    params:
      params.yaml:
        data_ingestion.test_size: 0.25
    outs:
    - path: data/raw
      hash: md5
      md5: 294dbb3e82053baeddcdca189de15d71.dir
      size: 6882906
      nfiles: 2
  data_preprocessing:
    cmd: python3 src/features/data_preprocessing.py
    deps:
    - path: data/raw/test.csv
      hash: md5
      md5: b87b4b2eb2fa6ffbcedb7f09d9d164a0
      size: 1648493
    - path: data/raw/train.csv
      hash: md5
      md5: c190eb2120e2625c85fdad42a94b3c8a
      size: 5234413
    - path: src/features/data_preprocessing.py
      hash: md5
      md5: 3551c11478abd8a98c22ab85f6768272
      size: 4763
    outs:
    - path: data/interim
      hash: md5
      md5: 3cd81d14b718214ee77845d40c36ecc7.dir
      size: 5174838
      nfiles: 2
  model_building:
    cmd: python3 src/model/model_building.py
    deps:
    - path: data/interim/test_processed.csv
      hash: md5
      md5: 1b995e22ed767db6a04bb9fb58ced040
      size: 1238720
    - path: data/interim/train_processed.csv
      hash: md5
      md5: 79959406de1201b2242115f43b60d214
      size: 3936118
    - path: params.yaml
      hash: md5
      md5: 5de3e4eab4311131d94163c53eb81883
      size: 152
    - path: src/model/model_building.py
      hash: md5
      md5: 4a0a134aed3d52a22cf20660af7c8005
      size: 4979
    params:
      params.yaml:
        model_building.learning_rate: 0.08
        model_building.max_depth: 20
        model_building.max_features: 1000
        model_building.n_estimators: 367
        model_building.ngram_range:
        - 1
        - 3
    outs:
    - path: models/model
      hash: md5
      md5: b932ffab180fef446a304f92b4b9653b.dir
      size: 3938776
      nfiles: 1
    - path: models/vectorizers
      hash: md5
      md5: 5afb06b660de25b3573672b745e5c470.dir
      size: 36825
      nfiles: 1
  model_evaluation:
    cmd: python3 src/visualization/model_evaluation.py
    deps:
    - path: data/interim/test_processed.csv
      hash: md5
      md5: 1b995e22ed767db6a04bb9fb58ced040
      size: 1238720
    - path: models
      hash: md5
      md5: 849b78f4e92f30181a2ed76f9f08d676.dir
      size: 3975601
      nfiles: 3
    - path: src/visualization/model_evaluation.py
      hash: md5
      md5: f285156176837f4085870a365bafb2bb
      size: 7313
    outs:
    - path: reports/experiment_info.json
      hash: md5
      md5: a2ea36f69e8d526e4ec93897a482253d
      size: 91
    - path: reports/metrics/metrics.json
      hash: md5
      md5: 896978fea095ee37ed066c438f2c25c5
      size: 145
  model_registration:
    cmd: python3 src/visualization/model_registration.py
    deps:
    - path: reports/experiment_info.json
      hash: md5
      md5: a2ea36f69e8d526e4ec93897a482253d
      size: 91
    - path: src/visualization/model_registration.py
      hash: md5
      md5: 3293f0ffe7c226e617a4ec3e07971139
      size: 3485
