schema: '2.0'
stages:
  data_ingestion:
    cmd: python3 src/data/data_ingestion.py
    deps:
    - path: src/data/data_ingestion.py
      hash: md5
      md5: 485a1edd3e17f6b2cf97cd5b703b2f0c
      size: 3476
    params:
      params.yaml:
        data_ingestion.test_size: 0.27
    outs:
    - path: data/raw
      hash: md5
      md5: 573ce9d2be63b9377f91b24fd108d8e2.dir
      size: 6882906
      nfiles: 2
  data_preprocessing:
    cmd: python3 src/features/data_preprocessing.py
    deps:
    - path: data/raw/test.csv
      hash: md5
      md5: d57a85007948d1a3353fcb4561d42a36
      size: 1779444
    - path: data/raw/train.csv
      hash: md5
      md5: 05bde3b3cce503ec5c44aec854e8c984
      size: 5103462
    - path: src/features/data_preprocessing.py
      hash: md5
      md5: 3551c11478abd8a98c22ab85f6768272
      size: 4763
    outs:
    - path: data/interim
      hash: md5
      md5: ffc4b47937e010a516a4f77198c44b6f.dir
      size: 5174838
      nfiles: 2
  model_building:
    cmd: python3 src/model/model_building.py
    deps:
    - path: data/interim/test_processed.csv
      hash: md5
      md5: 827b0717d579cdf81a1052f276f578ce
      size: 1337261
    - path: data/interim/train_processed.csv
      hash: md5
      md5: f31291895c025855ef396f199bbbda0b
      size: 3837577
    - path: params.yaml
      hash: md5
      md5: cb998686cce445629736e9e90bb6ec39
      size: 152
    - path: src/model/model_building.py
      hash: md5
      md5: 4a0a134aed3d52a22cf20660af7c8005
      size: 4979
    params:
      params.yaml:
        model_building.learning_rate: 0.08
        model_building.max_depth: 20
        model_building.max_features: 1000
        model_building.n_estimators: 367
        model_building.ngram_range:
        - 1
        - 3
    outs:
    - path: models/model
      hash: md5
      md5: 5f9070ec432c2a3bfc392745299a5f83.dir
      size: 3938140
      nfiles: 1
    - path: models/vectorizers
      hash: md5
      md5: 8391afb52d58247afac5930c7ef36977.dir
      size: 36841
      nfiles: 1
  model_evaluation:
    cmd: PYTHONPATH=. python3 src/visualization/model_evaluation.py
    deps:
    - path: data/interim/test_processed.csv
      hash: md5
      md5: 827b0717d579cdf81a1052f276f578ce
      size: 1337261
    - path: models
      hash: md5
      md5: fd476da2f6fbd515dd9821428b7758b3.dir
      size: 3974981
      nfiles: 2
    - path: src/visualization/model_evaluation.py
      hash: md5
      md5: da35883cf0e9b272d612ccdd77ad1227
      size: 7228
    outs:
    - path: reports/experiment_info.json
      hash: md5
      md5: 3d48a2e845808d6a98f4b3f438237207
      size: 91
    - path: reports/metrics/metrics.json
      hash: md5
      md5: 4a13a7b35972b1d990d8877d9dd2ddaa
      size: 145
  model_registration:
    cmd: PYTHONPATH=. python3 src/visualization/model_registration.py
    deps:
    - path: reports/experiment_info.json
      hash: md5
      md5: 3d48a2e845808d6a98f4b3f438237207
      size: 91
    - path: src/visualization/model_registration.py
      hash: md5
      md5: 4c7a99b34368da02b4a1da0b391a6605
      size: 3269
