schema: '2.0'
stages:
  data_ingestion:
    cmd: python3 src/data/data_ingestion.py
    deps:
    - path: src/data/data_ingestion.py
      hash: md5
      md5: 485a1edd3e17f6b2cf97cd5b703b2f0c
      size: 3476
    params:
      params.yaml:
        data_ingestion.test_size: 0.26
    outs:
    - path: data/raw
      hash: md5
      md5: b449bb3b465ac9e29de7b4be99abda38.dir
      size: 6882906
      nfiles: 2
  data_preprocessing:
    cmd: python3 src/features/data_preprocessing.py
    deps:
    - path: data/raw/test.csv
      hash: md5
      md5: c6fce620ed2c3868eea65e295e5d8c54
      size: 1717551
    - path: data/raw/train.csv
      hash: md5
      md5: 8b48404926c2579d0513f9b2d182c80e
      size: 5165355
    - path: src/features/data_preprocessing.py
      hash: md5
      md5: 3551c11478abd8a98c22ab85f6768272
      size: 4763
    outs:
    - path: data/interim
      hash: md5
      md5: ca1e01bc0e4cec06d573facb8166840b.dir
      size: 5174838
      nfiles: 2
  model_building:
    cmd: python3 src/model/model_building.py
    deps:
    - path: data/interim/test_processed.csv
      hash: md5
      md5: 5d008ceb5b9e372edaf488498bd67082
      size: 1290497
    - path: data/interim/train_processed.csv
      hash: md5
      md5: 32ae75293050611d30fee51d42e29ad6
      size: 3884341
    - path: params.yaml
      hash: md5
      md5: 807a66a6782ad0fb024ba1e319b99213
      size: 152
    - path: src/model/model_building.py
      hash: md5
      md5: 4a0a134aed3d52a22cf20660af7c8005
      size: 4979
    params:
      params.yaml:
        model_building.learning_rate: 0.08
        model_building.max_depth: 20
        model_building.max_features: 1000
        model_building.n_estimators: 367
        model_building.ngram_range:
        - 1
        - 3
    outs:
    - path: models/model
      hash: md5
      md5: 3498690d0afcab605b170bd3caf779da.dir
      size: 3938850
      nfiles: 1
    - path: models/vectorizers
      hash: md5
      md5: 2a78769f80a60b2d81005ef30fa89ddf.dir
      size: 36837
      nfiles: 1
  model_evaluation:
    cmd: python3 src/visualization/model_evaluation.py
    deps:
    - path: data/interim/test_processed.csv
      hash: md5
      md5: 5d008ceb5b9e372edaf488498bd67082
      size: 1290497
    - path: models
      hash: md5
      md5: 0c15f968d2f4735ae3d8d8f43cf89651.dir
      size: 3975687
      nfiles: 3
    - path: src/visualization/model_evaluation.py
      hash: md5
      md5: f6701228a734673e07b7731e66f747e0
      size: 7413
    outs:
    - path: reports/experiment_info.json
      hash: md5
      md5: 0904853267e261e954e9a27e5bce0616
      size: 91
    - path: reports/metrics/metrics.json
      hash: md5
      md5: aaacfe09684cdf8975160f6b3cfe84dc
      size: 145
  model_registration:
    cmd: python3 src/visualization/model_registration.py
    deps:
    - path: reports/experiment_info.json
      hash: md5
      md5: 0904853267e261e954e9a27e5bce0616
      size: 91
    - path: src/visualization/model_registration.py
      hash: md5
      md5: abe030be587b0d52fdbaa0c0faf12937
      size: 3294
